
Microsoft Visual Studio Solution File, Format Version 12.00
# Visual Studio Version 17
VisualStudioVersion = 17.13.35806.99 d17.13
MinimumVisualStudioVersion = 10.0.40219.1
Project("{FAE04EC0-301F-11D3-BF4B-00C04F79EFBC}") = "WpfEmailBestand", "WpfEmailBestand\WpfEmailBestand.csproj", "{DBD50BA6-5BBE-4D1D-A413-2656CC5281B2}"
EndProject
Global
	GlobalSection(SolutionConfigurationPlatforms) = preSolution
		Debug|Any CPU = Debug|Any CPU
		Release|Any CPU = Release|Any CPU
	EndGlobalSection
	GlobalSection(ProjectConfigurationPlatforms) = postSolution
		{DBD50BA6-5BBE-4D1D-A413-2656CC5281B2}.Debug|Any CPU.ActiveCfg = Debug|Any CPU
		{DBD50BA6-5BBE-4D1D-A413-2656CC5281B2}.Debug|Any CPU.Build.0 = Debug|Any CPU
		{DBD50BA6-5BBE-4D1D-A413-2656CC5281B2}.Release|Any CPU.ActiveCfg = Release|Any CPU
		{DBD50BA6-5BBE-4D1D-A413-2656CC5281B2}.Release|Any CPU.Build.0 = Release|Any CPU
	EndGlobalSection
	GlobalSection(SolutionProperties) = preSolution
		HideSolutionNode = FALSE
	EndGlobalSection
	GlobalSection(ExtensibilityGlobals) = postSolution
		SolutionGuid = {54271A34-55B0-4107-9384-4036799D962E}
	EndGlobalSection
EndGlobal
